<?xml version="1.0" encoding="UTF-8" standalone="yes" ?>
<CodeBlocks_project_file>
	<FileVersion major="1" minor="6" />
	<Project>
		<Option title="czar" />
		<Option pch_mode="2" />
		<Option compiler="gcc" />
		<Build>
			<Target title="Debug">
				<Option output="bin/Debug/czar" prefix_auto="1" extension_auto="1" />
				<Option object_output="obj/Debug/" />
				<Option type="1" />
				<Option compiler="gcc" />
				<Compiler>
					<Add option="-g" />
				</Compiler>
			</Target>
			<Target title="Release">
				<Option output="bin/Release/czar" prefix_auto="1" extension_auto="1" />
				<Option object_output="obj/Release/" />
				<Option type="1" />
				<Option compiler="gcc" />
				<Compiler>
					<Add option="-O2" />
				</Compiler>
				<Linker>
					<Add option="-s" />
				</Linker>
			</Target>
		</Build>
		<Compiler>
			<Add option="-Wall" />
			<Add option="-fexceptions" />
		</Compiler>
		<Unit filename="include/service/CTrackUI.h" />
		<Unit filename="include/service/Comment.h" />
		<Unit filename="include/service/Issue.h" />
		<Unit filename="include/service/User.h" />
		<Unit filename="src/client/main.cpp" />
		<Unit filename="src/main.cpp" />
		<Unit filename="src/server/main.cpp" />
		<Unit filename="src/service/CTrackUI.cpp" />
		<Unit filename="src/service/Comment.cpp" />
		<Unit filename="src/service/Issue.cpp" />
		<Unit filename="src/service/User.cpp" />
		<Unit filename="test/TestComment.cpp" />
		<Unit filename="test/TestIssue.cpp" />
		<Unit filename="test/TestUser.cpp" />
		<Unit filename="test/main.cpp" />
		<Extensions>
			<code_completion />
			<envvars />
			<debugger />
			<lib_finder disable_auto="1" />
		</Extensions>
	</Project>
</CodeBlocks_project_file>
